{
  "name": "react-packery-component",
  "version": "1.0.2",
  "lockfileVersion": 2,
  "requires": true,
  "packages": {
    "": {
      "name": "react-packery-component",
      "version": "1.0.2",
      "license": "MIT",
      "dependencies": {
        "create-react-class": "^15.7.0",
        "imagesloaded": "eiriklv/imagesloaded",
        "packery": "eiriklv/packery"
      },
      "devDependencies": {}
    },
    "node_modules/classie": {
      "version": "1.0.1",
      "resolved": "git+ssh://git@github.com/eiriklv/classie.git#da1d3019904433872a8656d3cd69fc41d69c477a",
      "license": "MIT"
    },
    "node_modules/create-react-class": {
      "version": "15.7.0",
      "resolved": "https://registry.npmjs.org/create-react-class/-/create-react-class-15.7.0.tgz",
      "integrity": "sha512-QZv4sFWG9S5RUvkTYWbflxeZX+JG7Cz0Tn33rQBJ+WFQTqTfUTjMjiv9tnfXazjsO5r0KhPs+AqCjyrQX6h2ng==",
      "dependencies": {
        "loose-envify": "^1.3.1",
        "object-assign": "^4.1.1"
      }
    },
    "node_modules/desandro-get-style-property": {
      "version": "1.0.4",
      "resolved": "git+ssh://git@github.com/eiriklv/get-style-property.git#a5a74ad48d96c7d5ddcf652e9fa5d4283af37823",
      "license": "MIT"
    },
    "node_modules/doc-ready": {
      "version": "1.0.3",
      "resolved": "git+ssh://git@github.com/eiriklv/doc-ready.git#31c2481101af5dab33311fea4c7fc684b58fa8ad",
      "license": "MIT",
      "dependencies": {
        "eventie": "eiriklv/eventie"
      }
    },
    "node_modules/doc-ready/node_modules/eventie": {
      "version": "1.0.5",
      "resolved": "git+ssh://git@github.com/eiriklv/eventie.git#c9d290c6aa57712257dc8c0b6bf21c9374190a3c",
      "license": "MIT"
    },
    "node_modules/eventemitter": {
      "version": "4.2.0",
      "resolved": "git+ssh://git@github.com/braznaavtrav/EventEmitter.git#7169056a2f8b3b55d78ab1b85bad39277e7e88b2",
      "license": "MIT"
    },
    "node_modules/eventie": {
      "version": "1.0.6",
      "resolved": "https://registry.npmjs.org/eventie/-/eventie-1.0.6.tgz",
      "integrity": "sha512-mLD0Ix8wieyUzkIXfputXAHbpwVhZNlaZE652uYsxA5DcaRvV57xqnnV0+D9k0fr/YU+bfX4QXlMGPs2IqM9xA=="
    },
    "node_modules/get-size": {
      "version": "1.1.8",
      "resolved": "git+ssh://git@github.com/eiriklv/get-size.git#c1ebd019815fc6247c094c17a41b61d0e8191b08",
      "license": "MIT",
      "dependencies": {
        "desandro-get-style-property": "eiriklv/get-style-property"
      }
    },
    "node_modules/imagesloaded": {
      "version": "3.1.8",
      "resolved": "git+ssh://git@github.com/eiriklv/imagesloaded.git#04535a148206e58790927e133f24ca199163b995",
      "license": "MIT",
      "dependencies": {
        "eventie": ">=1.0.4 <2",
        "wolfy87-eventemitter": "4.x"
      }
    },
    "node_modules/js-tokens": {
      "version": "4.0.0",
      "resolved": "https://registry.npmjs.org/js-tokens/-/js-tokens-4.0.0.tgz",
      "integrity": "sha512-RdJUflcE3cUzKiMqQgsCu06FPu9UdIJO0beYbPhHN4k6apgJtifcoCtT9bcxOpYBtpD2kCM6Sbzg4CausW/PKQ=="
    },
    "node_modules/loose-envify": {
      "version": "1.4.0",
      "resolved": "https://registry.npmjs.org/loose-envify/-/loose-envify-1.4.0.tgz",
      "integrity": "sha512-lyuxPGr/Wfhrlem2CL/UcnUc1zcqKAImBDzukY7Y5F/yQiNdko6+fRLevlw1HgMySw7f611UIY408EtxRSoK3Q==",
      "dependencies": {
        "js-tokens": "^3.0.0 || ^4.0.0"
      },
      "bin": {
        "loose-envify": "cli.js"
      }
    },
    "node_modules/matches-selector": {
      "version": "1.0.3",
      "resolved": "git+ssh://git@github.com/desandro/matches-selector.git#082376f4bbe7ff8c5c6bb258ec43259c9a80a7c3",
      "license": "MIT"
    },
    "node_modules/object-assign": {
      "version": "4.1.1",
      "resolved": "https://registry.npmjs.org/object-assign/-/object-assign-4.1.1.tgz",
      "integrity": "sha512-rJgTQnkUnH1sFw8yT6VSU3zD3sWmu6sZhIseY8VX+GRu3P6F7Fu+JNDoXfklElbLJSnc3FUQHVe4cU5hj+BcUg==",
      "engines": {
        "node": ">=0.10.0"
      }
    },
    "node_modules/outlayer": {
      "version": "1.2.0",
      "resolved": "git+ssh://git@github.com/eiriklv/outlayer.git#aea1c8239d30ccc1d3664ca3fff2f6d4b20fb812",
      "dependencies": {
        "desandro-get-style-property": "eiriklv/get-style-property",
        "doc-ready": "eiriklv/doc-ready",
        "eventemitter": "braznaavtrav/EventEmitter",
        "eventie": "eiriklv/eventie",
        "get-size": "eiriklv/get-size",
        "matches-selector": "desandro/matches-selector#v1.0.3"
      }
    },
    "node_modules/outlayer/node_modules/eventie": {
      "version": "1.0.5",
      "resolved": "git+ssh://git@github.com/eiriklv/eventie.git#c9d290c6aa57712257dc8c0b6bf21c9374190a3c",
      "license": "MIT"
    },
    "node_modules/packery": {
      "version": "1.3.0",
      "resolved": "git+ssh://git@github.com/eiriklv/packery.git#8e812a0a16575ef923f5e72efcea85aadc6fea67",
      "dependencies": {
        "classie": "eiriklv/classie",
        "desandro-get-style-property": "eiriklv/get-style-property",
        "get-size": "eiriklv/get-size",
        "outlayer": "eiriklv/outlayer"
      }
    },
    "node_modules/wolfy87-eventemitter": {
      "version": "4.3.0",
      "resolved": "https://registry.npmjs.org/wolfy87-eventemitter/-/wolfy87-eventemitter-4.3.0.tgz",
      "integrity": "sha512-zPOFkOo5xFycO1XKnZmeRMv2u+z+HAwS3/3qDUNNDOlZqcqJQp2QGkOc85YmxmDE8OLbvd0wlmBQl9ffrrrrzQ=="
    }
  },
  "dependencies": {
    "classie": {
      "version": "git+ssh://git@github.com/eiriklv/classie.git#da1d3019904433872a8656d3cd69fc41d69c477a",
      "from": "classie@eiriklv/classie"
    },
    "create-react-class": {
      "version": "15.7.0",
      "resolved": "https://registry.npmjs.org/create-react-class/-/create-react-class-15.7.0.tgz",
      "integrity": "sha512-QZv4sFWG9S5RUvkTYWbflxeZX+JG7Cz0Tn33rQBJ+WFQTqTfUTjMjiv9tnfXazjsO5r0KhPs+AqCjyrQX6h2ng==",
      "requires": {
        "loose-envify": "^1.3.1",
        "object-assign": "^4.1.1"
      }
    },
    "desandro-get-style-property": {
      "version": "git+ssh://git@github.com/eiriklv/get-style-property.git#a5a74ad48d96c7d5ddcf652e9fa5d4283af37823",
      "from": "desandro-get-style-property@eiriklv/get-style-property"
    },
    "doc-ready": {
      "version": "git+ssh://git@github.com/eiriklv/doc-ready.git#31c2481101af5dab33311fea4c7fc684b58fa8ad",
      "from": "doc-ready@eiriklv/doc-ready",
      "requires": {
        "eventie": "eiriklv/eventie"
      },
      "dependencies": {
        "eventie": {
          "version": "git+ssh://git@github.com/eiriklv/eventie.git#c9d290c6aa57712257dc8c0b6bf21c9374190a3c",
          "from": "eventie@eiriklv/eventie"
        }
      }
    },
    "eventemitter": {
      "version": "git+ssh://git@github.com/braznaavtrav/EventEmitter.git#7169056a2f8b3b55d78ab1b85bad39277e7e88b2",
      "from": "eventemitter@braznaavtrav/EventEmitter"
    },
    "eventie": {
      "version": "1.0.6",
      "resolved": "https://registry.npmjs.org/eventie/-/eventie-1.0.6.tgz",
      "integrity": "sha512-mLD0Ix8wieyUzkIXfputXAHbpwVhZNlaZE652uYsxA5DcaRvV57xqnnV0+D9k0fr/YU+bfX4QXlMGPs2IqM9xA=="
    },
    "get-size": {
      "version": "git+ssh://git@github.com/eiriklv/get-size.git#c1ebd019815fc6247c094c17a41b61d0e8191b08",
      "from": "get-size@eiriklv/get-size",
      "requires": {
        "desandro-get-style-property": "eiriklv/get-style-property"
      }
    },
    "imagesloaded": {
      "version": "git+ssh://git@github.com/eiriklv/imagesloaded.git#04535a148206e58790927e133f24ca199163b995",
      "from": "imagesloaded@eiriklv/imagesloaded",
      "requires": {
        "eventie": ">=1.0.4 <2",
        "wolfy87-eventemitter": "4.x"
      }
    },
    "js-tokens": {
      "version": "4.0.0",
      "resolved": "https://registry.npmjs.org/js-tokens/-/js-tokens-4.0.0.tgz",
      "integrity": "sha512-RdJUflcE3cUzKiMqQgsCu06FPu9UdIJO0beYbPhHN4k6apgJtifcoCtT9bcxOpYBtpD2kCM6Sbzg4CausW/PKQ=="
    },
    "loose-envify": {
      "version": "1.4.0",
      "resolved": "https://registry.npmjs.org/loose-envify/-/loose-envify-1.4.0.tgz",
      "integrity": "sha512-lyuxPGr/Wfhrlem2CL/UcnUc1zcqKAImBDzukY7Y5F/yQiNdko6+fRLevlw1HgMySw7f611UIY408EtxRSoK3Q==",
      "requires": {
        "js-tokens": "^3.0.0 || ^4.0.0"
      }
    },
    "matches-selector": {
      "version": "git+ssh://git@github.com/desandro/matches-selector.git#082376f4bbe7ff8c5c6bb258ec43259c9a80a7c3",
      "from": "matches-selector@desandro/matches-selector#v1.0.3"
    },
    "object-assign": {
      "version": "4.1.1",
      "resolved": "https://registry.npmjs.org/object-assign/-/object-assign-4.1.1.tgz",
      "integrity": "sha512-rJgTQnkUnH1sFw8yT6VSU3zD3sWmu6sZhIseY8VX+GRu3P6F7Fu+JNDoXfklElbLJSnc3FUQHVe4cU5hj+BcUg=="
    },
    "outlayer": {
      "version": "git+ssh://git@github.com/eiriklv/outlayer.git#aea1c8239d30ccc1d3664ca3fff2f6d4b20fb812",
      "from": "outlayer@eiriklv/outlayer",
      "requires": {
        "desandro-get-style-property": "eiriklv/get-style-property",
        "doc-ready": "eiriklv/doc-ready",
        "eventemitter": "braznaavtrav/EventEmitter",
        "eventie": "eiriklv/eventie",
        "get-size": "eiriklv/get-size",
        "matches-selector": "desandro/matches-selector#v1.0.3"
      },
      "dependencies": {
        "eventie": {
          "version": "git+ssh://git@github.com/eiriklv/eventie.git#c9d290c6aa57712257dc8c0b6bf21c9374190a3c",
          "from": "eventie@eiriklv/eventie"
        }
      }
    },
    "packery": {
      "version": "git+ssh://git@github.com/eiriklv/packery.git#8e812a0a16575ef923f5e72efcea85aadc6fea67",
      "from": "packery@eiriklv/packery",
      "requires": {
        "classie": "eiriklv/classie",
        "desandro-get-style-property": "eiriklv/get-style-property",
        "get-size": "eiriklv/get-size",
        "outlayer": "eiriklv/outlayer"
      }
    },
    "wolfy87-eventemitter": {
      "version": "4.3.0",
      "resolved": "https://registry.npmjs.org/wolfy87-eventemitter/-/wolfy87-eventemitter-4.3.0.tgz",
      "integrity": "sha512-zPOFkOo5xFycO1XKnZmeRMv2u+z+HAwS3/3qDUNNDOlZqcqJQp2QGkOc85YmxmDE8OLbvd0wlmBQl9ffrrrrzQ=="
    }
  }
}
